
Microsoft Visual Studio Solution File, Format Version 12.00
# Visual Studio Version 17
VisualStudioVersion = 17.4.33122.133
MinimumVisualStudioVersion = 10.0.40219.1
Project("{9A19103F-16F7-4668-BE54-9A1E7A4F7556}") = "Day01", "Day1\Day01.csproj", "{C9C00678-38EF-471B-900B-82BD40B40633}"
EndProject
Project("{9A19103F-16F7-4668-BE54-9A1E7A4F7556}") = "Day02", "Day2\Day02.csproj", "{D7AE8D17-9017-4D3C-8BF6-C57DA221ABDC}"
EndProject
Project("{9A19103F-16F7-4668-BE54-9A1E7A4F7556}") = "Day03", "Day3\Day03.csproj", "{9CF2FD7F-5612-4E4A-AB75-3946E60C681F}"
EndProject
Project("{9A19103F-16F7-4668-BE54-9A1E7A4F7556}") = "Day04", "Day4\Day04.csproj", "{67073E30-2C37-4ED2-B022-2958E74E1A13}"
EndProject
Project("{9A19103F-16F7-4668-BE54-9A1E7A4F7556}") = "Day05", "Day5\Day05.csproj", "{7281AAA5-0459-4C6F-B04E-57638E361637}"
EndProject
Project("{9A19103F-16F7-4668-BE54-9A1E7A4F7556}") = "Day06", "Day6\Day06.csproj", "{03819E6A-7E15-4734-B4A3-F2258FB21BB3}"
EndProject
Project("{9A19103F-16F7-4668-BE54-9A1E7A4F7556}") = "Day07", "Day7\Day07.csproj", "{F86C6446-6AF4-4A70-AA86-69BDA7FE9DB1}"
EndProject
Project("{9A19103F-16F7-4668-BE54-9A1E7A4F7556}") = "Day08", "Day8\Day08.csproj", "{C65C2C85-41B0-4CF5-A6C8-3348A55710FD}"
EndProject
Project("{9A19103F-16F7-4668-BE54-9A1E7A4F7556}") = "Day09", "Day9\Day09.csproj", "{65945A06-140B-49F2-9178-CF098F10AFF5}"
EndProject
Project("{9A19103F-16F7-4668-BE54-9A1E7A4F7556}") = "Util", "Util\Util.csproj", "{D58AE4E7-D19F-4ED7-B3EA-E6AF90FA3A00}"
EndProject
Project("{9A19103F-16F7-4668-BE54-9A1E7A4F7556}") = "Day10", "Day10\Day10.csproj", "{C0542C54-0CC6-4F52-A034-FEAE0EA713F6}"
EndProject
Project("{9A19103F-16F7-4668-BE54-9A1E7A4F7556}") = "Day11", "Day11\Day11.csproj", "{8ABA7A56-96F4-49B9-AB18-2BA57B730F1B}"
EndProject
Project("{9A19103F-16F7-4668-BE54-9A1E7A4F7556}") = "Day12", "Day12\Day12.csproj", "{4D1B0911-E14E-4A6D-A545-C6C48EF163B3}"
EndProject
Project("{9A19103F-16F7-4668-BE54-9A1E7A4F7556}") = "Day13", "Day13\Day13.csproj", "{D13094AC-33C1-4A36-BAA7-A519BAA609D7}"
EndProject
Project("{9A19103F-16F7-4668-BE54-9A1E7A4F7556}") = "Day14", "Day14\Day14.csproj", "{48ED3989-9A69-40D2-B2EE-63A3D766A966}"
EndProject
Project("{9A19103F-16F7-4668-BE54-9A1E7A4F7556}") = "Day16", "Day16\Day16.csproj", "{519E433C-6CA1-46A6-A42D-93A61AFA37BB}"
EndProject
Project("{9A19103F-16F7-4668-BE54-9A1E7A4F7556}") = "Day17", "Day17\Day17.csproj", "{F39E4640-5D59-4BDE-8F89-EFD5853F59C8}"
EndProject
Project("{9A19103F-16F7-4668-BE54-9A1E7A4F7556}") = "Day18", "Day18\Day18.csproj", "{C3C52932-EBCD-4F86-9B2B-929B9E08D549}"
EndProject
Project("{9A19103F-16F7-4668-BE54-9A1E7A4F7556}") = "Day19", "Day19\Day19.csproj", "{C5F9EFC4-6730-48C7-8421-BF6AE74D8A3F}"
EndProject
Project("{9A19103F-16F7-4668-BE54-9A1E7A4F7556}") = "Day20", "Day20\Day20.csproj", "{CED0C1D5-DC50-48C7-9B71-DBEF557CC7E1}"
EndProject
Project("{9A19103F-16F7-4668-BE54-9A1E7A4F7556}") = "Day15", "Day15\Day15.csproj", "{470623D6-CA1B-4FE2-8B8B-D4BEDB388BE6}"
EndProject
Project("{9A19103F-16F7-4668-BE54-9A1E7A4F7556}") = "Day21", "Day21\Day21.csproj", "{1FA5C9BF-4F33-4BBB-A800-F1F194FC263C}"
EndProject
Project("{FAE04EC0-301F-11D3-BF4B-00C04F79EFBC}") = "Day23", "Day23\Day23.csproj", "{DDE00CD5-97D1-4BA0-8CAF-3CCB09490501}"
EndProject
Global
	GlobalSection(SolutionConfigurationPlatforms) = preSolution
		Debug|Any CPU = Debug|Any CPU
		Release|Any CPU = Release|Any CPU
	EndGlobalSection
	GlobalSection(ProjectConfigurationPlatforms) = postSolution
		{C9C00678-38EF-471B-900B-82BD40B40633}.Debug|Any CPU.ActiveCfg = Debug|Any CPU
		{C9C00678-38EF-471B-900B-82BD40B40633}.Debug|Any CPU.Build.0 = Debug|Any CPU
		{C9C00678-38EF-471B-900B-82BD40B40633}.Release|Any CPU.ActiveCfg = Release|Any CPU
		{C9C00678-38EF-471B-900B-82BD40B40633}.Release|Any CPU.Build.0 = Release|Any CPU
		{D7AE8D17-9017-4D3C-8BF6-C57DA221ABDC}.Debug|Any CPU.ActiveCfg = Debug|Any CPU
		{D7AE8D17-9017-4D3C-8BF6-C57DA221ABDC}.Debug|Any CPU.Build.0 = Debug|Any CPU
		{D7AE8D17-9017-4D3C-8BF6-C57DA221ABDC}.Release|Any CPU.ActiveCfg = Release|Any CPU
		{D7AE8D17-9017-4D3C-8BF6-C57DA221ABDC}.Release|Any CPU.Build.0 = Release|Any CPU
		{9CF2FD7F-5612-4E4A-AB75-3946E60C681F}.Debug|Any CPU.ActiveCfg = Debug|Any CPU
		{9CF2FD7F-5612-4E4A-AB75-3946E60C681F}.Debug|Any CPU.Build.0 = Debug|Any CPU
		{9CF2FD7F-5612-4E4A-AB75-3946E60C681F}.Release|Any CPU.ActiveCfg = Release|Any CPU
		{9CF2FD7F-5612-4E4A-AB75-3946E60C681F}.Release|Any CPU.Build.0 = Release|Any CPU
		{67073E30-2C37-4ED2-B022-2958E74E1A13}.Debug|Any CPU.ActiveCfg = Debug|Any CPU
		{67073E30-2C37-4ED2-B022-2958E74E1A13}.Debug|Any CPU.Build.0 = Debug|Any CPU
		{67073E30-2C37-4ED2-B022-2958E74E1A13}.Release|Any CPU.ActiveCfg = Release|Any CPU
		{67073E30-2C37-4ED2-B022-2958E74E1A13}.Release|Any CPU.Build.0 = Release|Any CPU
		{7281AAA5-0459-4C6F-B04E-57638E361637}.Debug|Any CPU.ActiveCfg = Debug|Any CPU
		{7281AAA5-0459-4C6F-B04E-57638E361637}.Debug|Any CPU.Build.0 = Debug|Any CPU
		{7281AAA5-0459-4C6F-B04E-57638E361637}.Release|Any CPU.ActiveCfg = Release|Any CPU
		{7281AAA5-0459-4C6F-B04E-57638E361637}.Release|Any CPU.Build.0 = Release|Any CPU
		{03819E6A-7E15-4734-B4A3-F2258FB21BB3}.Debug|Any CPU.ActiveCfg = Debug|Any CPU
		{03819E6A-7E15-4734-B4A3-F2258FB21BB3}.Debug|Any CPU.Build.0 = Debug|Any CPU
		{03819E6A-7E15-4734-B4A3-F2258FB21BB3}.Release|Any CPU.ActiveCfg = Release|Any CPU
		{03819E6A-7E15-4734-B4A3-F2258FB21BB3}.Release|Any CPU.Build.0 = Release|Any CPU
		{F86C6446-6AF4-4A70-AA86-69BDA7FE9DB1}.Debug|Any CPU.ActiveCfg = Debug|Any CPU
		{F86C6446-6AF4-4A70-AA86-69BDA7FE9DB1}.Debug|Any CPU.Build.0 = Debug|Any CPU
		{F86C6446-6AF4-4A70-AA86-69BDA7FE9DB1}.Release|Any CPU.ActiveCfg = Release|Any CPU
		{F86C6446-6AF4-4A70-AA86-69BDA7FE9DB1}.Release|Any CPU.Build.0 = Release|Any CPU
		{C65C2C85-41B0-4CF5-A6C8-3348A55710FD}.Debug|Any CPU.ActiveCfg = Debug|Any CPU
		{C65C2C85-41B0-4CF5-A6C8-3348A55710FD}.Debug|Any CPU.Build.0 = Debug|Any CPU
		{C65C2C85-41B0-4CF5-A6C8-3348A55710FD}.Release|Any CPU.ActiveCfg = Release|Any CPU
		{C65C2C85-41B0-4CF5-A6C8-3348A55710FD}.Release|Any CPU.Build.0 = Release|Any CPU
		{65945A06-140B-49F2-9178-CF098F10AFF5}.Debug|Any CPU.ActiveCfg = Debug|Any CPU
		{65945A06-140B-49F2-9178-CF098F10AFF5}.Debug|Any CPU.Build.0 = Debug|Any CPU
		{65945A06-140B-49F2-9178-CF098F10AFF5}.Release|Any CPU.ActiveCfg = Release|Any CPU
		{65945A06-140B-49F2-9178-CF098F10AFF5}.Release|Any CPU.Build.0 = Release|Any CPU
		{D58AE4E7-D19F-4ED7-B3EA-E6AF90FA3A00}.Debug|Any CPU.ActiveCfg = Debug|Any CPU
		{D58AE4E7-D19F-4ED7-B3EA-E6AF90FA3A00}.Debug|Any CPU.Build.0 = Debug|Any CPU
		{D58AE4E7-D19F-4ED7-B3EA-E6AF90FA3A00}.Release|Any CPU.ActiveCfg = Release|Any CPU
		{D58AE4E7-D19F-4ED7-B3EA-E6AF90FA3A00}.Release|Any CPU.Build.0 = Release|Any CPU
		{C0542C54-0CC6-4F52-A034-FEAE0EA713F6}.Debug|Any CPU.ActiveCfg = Debug|Any CPU
		{C0542C54-0CC6-4F52-A034-FEAE0EA713F6}.Debug|Any CPU.Build.0 = Debug|Any CPU
		{C0542C54-0CC6-4F52-A034-FEAE0EA713F6}.Release|Any CPU.ActiveCfg = Release|Any CPU
		{C0542C54-0CC6-4F52-A034-FEAE0EA713F6}.Release|Any CPU.Build.0 = Release|Any CPU
		{8ABA7A56-96F4-49B9-AB18-2BA57B730F1B}.Debug|Any CPU.ActiveCfg = Debug|Any CPU
		{8ABA7A56-96F4-49B9-AB18-2BA57B730F1B}.Debug|Any CPU.Build.0 = Debug|Any CPU
		{8ABA7A56-96F4-49B9-AB18-2BA57B730F1B}.Release|Any CPU.ActiveCfg = Release|Any CPU
		{8ABA7A56-96F4-49B9-AB18-2BA57B730F1B}.Release|Any CPU.Build.0 = Release|Any CPU
		{4D1B0911-E14E-4A6D-A545-C6C48EF163B3}.Debug|Any CPU.ActiveCfg = Debug|Any CPU
		{4D1B0911-E14E-4A6D-A545-C6C48EF163B3}.Debug|Any CPU.Build.0 = Debug|Any CPU
		{4D1B0911-E14E-4A6D-A545-C6C48EF163B3}.Release|Any CPU.ActiveCfg = Release|Any CPU
		{4D1B0911-E14E-4A6D-A545-C6C48EF163B3}.Release|Any CPU.Build.0 = Release|Any CPU
		{D13094AC-33C1-4A36-BAA7-A519BAA609D7}.Debug|Any CPU.ActiveCfg = Debug|Any CPU
		{D13094AC-33C1-4A36-BAA7-A519BAA609D7}.Debug|Any CPU.Build.0 = Debug|Any CPU
		{D13094AC-33C1-4A36-BAA7-A519BAA609D7}.Release|Any CPU.ActiveCfg = Release|Any CPU
		{D13094AC-33C1-4A36-BAA7-A519BAA609D7}.Release|Any CPU.Build.0 = Release|Any CPU
		{48ED3989-9A69-40D2-B2EE-63A3D766A966}.Debug|Any CPU.ActiveCfg = Debug|Any CPU
		{48ED3989-9A69-40D2-B2EE-63A3D766A966}.Debug|Any CPU.Build.0 = Debug|Any CPU
		{48ED3989-9A69-40D2-B2EE-63A3D766A966}.Release|Any CPU.ActiveCfg = Release|Any CPU
		{48ED3989-9A69-40D2-B2EE-63A3D766A966}.Release|Any CPU.Build.0 = Release|Any CPU
		{519E433C-6CA1-46A6-A42D-93A61AFA37BB}.Debug|Any CPU.ActiveCfg = Debug|Any CPU
		{519E433C-6CA1-46A6-A42D-93A61AFA37BB}.Debug|Any CPU.Build.0 = Debug|Any CPU
		{519E433C-6CA1-46A6-A42D-93A61AFA37BB}.Release|Any CPU.ActiveCfg = Release|Any CPU
		{519E433C-6CA1-46A6-A42D-93A61AFA37BB}.Release|Any CPU.Build.0 = Release|Any CPU
		{F39E4640-5D59-4BDE-8F89-EFD5853F59C8}.Debug|Any CPU.ActiveCfg = Debug|Any CPU
		{F39E4640-5D59-4BDE-8F89-EFD5853F59C8}.Debug|Any CPU.Build.0 = Debug|Any CPU
		{F39E4640-5D59-4BDE-8F89-EFD5853F59C8}.Release|Any CPU.ActiveCfg = Release|Any CPU
		{F39E4640-5D59-4BDE-8F89-EFD5853F59C8}.Release|Any CPU.Build.0 = Release|Any CPU
		{C3C52932-EBCD-4F86-9B2B-929B9E08D549}.Debug|Any CPU.ActiveCfg = Debug|Any CPU
		{C3C52932-EBCD-4F86-9B2B-929B9E08D549}.Debug|Any CPU.Build.0 = Debug|Any CPU
		{C3C52932-EBCD-4F86-9B2B-929B9E08D549}.Release|Any CPU.ActiveCfg = Release|Any CPU
		{C3C52932-EBCD-4F86-9B2B-929B9E08D549}.Release|Any CPU.Build.0 = Release|Any CPU
		{C5F9EFC4-6730-48C7-8421-BF6AE74D8A3F}.Debug|Any CPU.ActiveCfg = Debug|Any CPU
		{C5F9EFC4-6730-48C7-8421-BF6AE74D8A3F}.Debug|Any CPU.Build.0 = Debug|Any CPU
		{C5F9EFC4-6730-48C7-8421-BF6AE74D8A3F}.Release|Any CPU.ActiveCfg = Release|Any CPU
		{C5F9EFC4-6730-48C7-8421-BF6AE74D8A3F}.Release|Any CPU.Build.0 = Release|Any CPU
		{CED0C1D5-DC50-48C7-9B71-DBEF557CC7E1}.Debug|Any CPU.ActiveCfg = Debug|Any CPU
		{CED0C1D5-DC50-48C7-9B71-DBEF557CC7E1}.Debug|Any CPU.Build.0 = Debug|Any CPU
		{CED0C1D5-DC50-48C7-9B71-DBEF557CC7E1}.Release|Any CPU.ActiveCfg = Release|Any CPU
		{CED0C1D5-DC50-48C7-9B71-DBEF557CC7E1}.Release|Any CPU.Build.0 = Release|Any CPU
		{470623D6-CA1B-4FE2-8B8B-D4BEDB388BE6}.Debug|Any CPU.ActiveCfg = Debug|Any CPU
		{470623D6-CA1B-4FE2-8B8B-D4BEDB388BE6}.Debug|Any CPU.Build.0 = Debug|Any CPU
		{470623D6-CA1B-4FE2-8B8B-D4BEDB388BE6}.Release|Any CPU.ActiveCfg = Release|Any CPU
		{470623D6-CA1B-4FE2-8B8B-D4BEDB388BE6}.Release|Any CPU.Build.0 = Release|Any CPU
		{1FA5C9BF-4F33-4BBB-A800-F1F194FC263C}.Debug|Any CPU.ActiveCfg = Debug|Any CPU
		{1FA5C9BF-4F33-4BBB-A800-F1F194FC263C}.Debug|Any CPU.Build.0 = Debug|Any CPU
		{1FA5C9BF-4F33-4BBB-A800-F1F194FC263C}.Release|Any CPU.ActiveCfg = Release|Any CPU
		{1FA5C9BF-4F33-4BBB-A800-F1F194FC263C}.Release|Any CPU.Build.0 = Release|Any CPU
		{DDE00CD5-97D1-4BA0-8CAF-3CCB09490501}.Debug|Any CPU.ActiveCfg = Debug|Any CPU
		{DDE00CD5-97D1-4BA0-8CAF-3CCB09490501}.Debug|Any CPU.Build.0 = Debug|Any CPU
		{DDE00CD5-97D1-4BA0-8CAF-3CCB09490501}.Release|Any CPU.ActiveCfg = Release|Any CPU
		{DDE00CD5-97D1-4BA0-8CAF-3CCB09490501}.Release|Any CPU.Build.0 = Release|Any CPU
	EndGlobalSection
	GlobalSection(SolutionProperties) = preSolution
		HideSolutionNode = FALSE
	EndGlobalSection
	GlobalSection(ExtensibilityGlobals) = postSolution
		SolutionGuid = {CAD2291A-55FF-4710-B11E-3DF63FADE0DE}
	EndGlobalSection
EndGlobal
